// !$*UTF8*$!
{
	archiveVersion = 1;
	classes = {
	};
	objectVersion = 46;
	objects = {

/* Begin PBXBuildFile section */
		14E62A1D1D39815A0064776C /* Main.storyboard in Resources */ = {isa = PBXBuildFile; fileRef = 14E62A191D39815A0064776C /* Main.storyboard */; };
		14E62A1E1D39815A0064776C /* LaunchScreen.xib in Resources */ = {isa = PBXBuildFile; fileRef = 14E62A1B1D39815A0064776C /* LaunchScreen.xib */; };
		14E62A231D3981610064776C /* Images.xcassets in Resources */ = {isa = PBXBuildFile; fileRef = 14E62A1F1D3981610064776C /* Images.xcassets */; };
		14E62A241D3981610064776C /* apple.pdf in Resources */ = {isa = PBXBuildFile; fileRef = 14E62A211D3981610064776C /* apple.pdf */; };
		14E62A251D3981610064776C /* mongodb.pdf in Resources */ = {isa = PBXBuildFile; fileRef = 14E62A221D3981610064776C /* mongodb.pdf */; };
		14E62A281D3981700064776C /* StartViewController.swift in Sources */ = {isa = PBXBuildFile; fileRef = 14E62A261D3981700064776C /* StartViewController.swift */; };
		14E62A291D3981700064776C /* AppDelegate.swift in Sources */ = {isa = PBXBuildFile; fileRef = 14E62A271D3981700064776C /* AppDelegate.swift */; };
		FCC2A00F1D8FA3FA76401EE3 /* Pods_PDFReader_Example.framework in Frameworks */ = {isa = PBXBuildFile; fileRef = B092B553A40900ECE38AC2CB /* Pods_PDFReader_Example.framework */; };
/* End PBXBuildFile section */

/* Begin PBXFileReference section */
		14E62A1A1D39815A0064776C /* Base */ = {isa = PBXFileReference; lastKnownFileType = file.storyboard; name = Base; path = DemoFiles/Base.lproj/Main.storyboard; sourceTree = SOURCE_ROOT; };
		14E62A1C1D39815A0064776C /* Base */ = {isa = PBXFileReference; lastKnownFileType = file.xib; name = Base; path = DemoFiles/Base.lproj/LaunchScreen.xib; sourceTree = SOURCE_ROOT; };
		14E62A1F1D3981610064776C /* Images.xcassets */ = {isa = PBXFileReference; lastKnownFileType = folder.assetcatalog; name = Images.xcassets; path = DemoFiles/Images.xcassets; sourceTree = SOURCE_ROOT; };
		14E62A211D3981610064776C /* apple.pdf */ = {isa = PBXFileReference; lastKnownFileType = image.pdf; path = apple.pdf; sourceTree = "<group>"; };
		14E62A221D3981610064776C /* mongodb.pdf */ = {isa = PBXFileReference; lastKnownFileType = image.pdf; path = mongodb.pdf; sourceTree = "<group>"; };
		14E62A261D3981700064776C /* StartViewController.swift */ = {isa = PBXFileReference; fileEncoding = 4; lastKnownFileType = sourcecode.swift; name = StartViewController.swift; path = DemoFiles/Sources/StartViewController.swift; sourceTree = SOURCE_ROOT; };
		14E62A271D3981700064776C /* AppDelegate.swift */ = {isa = PBXFileReference; fileEncoding = 4; lastKnownFileType = sourcecode.swift; name = AppDelegate.swift; path = DemoFiles/Sources/AppDelegate.swift; sourceTree = SOURCE_ROOT; };
		14E62A2C1D3981D60064776C /* Info.plist */ = {isa = PBXFileReference; fileEncoding = 4; lastKnownFileType = text.plist.xml; name = Info.plist; path = DemoFiles/Info.plist; sourceTree = SOURCE_ROOT; };
		1834BADA5C8A9B9E37208388 /* Pods-PDFReader_Example.release.xcconfig */ = {isa = PBXFileReference; includeInIndex = 1; lastKnownFileType = text.xcconfig; name = "Pods-PDFReader_Example.release.xcconfig"; path = "Pods/Target Support Files/Pods-PDFReader_Example/Pods-PDFReader_Example.release.xcconfig"; sourceTree = "<group>"; };
		1DB318A301D29B8A3EFCBA2C /* Pods-PDFReader_Tests.release.xcconfig */ = {isa = PBXFileReference; includeInIndex = 1; lastKnownFileType = text.xcconfig; name = "Pods-PDFReader_Tests.release.xcconfig"; path = "Pods/Target Support Files/Pods-PDFReader_Tests/Pods-PDFReader_Tests.release.xcconfig"; sourceTree = "<group>"; };
		485ABBFA7C7318D55400E909 /* Pods-PDFReader_Tests.debug.xcconfig */ = {isa = PBXFileReference; includeInIndex = 1; lastKnownFileType = text.xcconfig; name = "Pods-PDFReader_Tests.debug.xcconfig"; path = "Pods/Target Support Files/Pods-PDFReader_Tests/Pods-PDFReader_Tests.debug.xcconfig"; sourceTree = "<group>"; };
		607FACD01AFB9204008FA782 /* PDFReader_Example.app */ = {isa = PBXFileReference; explicitFileType = wrapper.application; includeInIndex = 0; path = PDFReader_Example.app; sourceTree = BUILT_PRODUCTS_DIR; };
		62861315499D9C5EC84C7F07 /* Pods-PDFReader_Example.debug.xcconfig */ = {isa = PBXFileReference; includeInIndex = 1; lastKnownFileType = text.xcconfig; name = "Pods-PDFReader_Example.debug.xcconfig"; path = "Pods/Target Support Files/Pods-PDFReader_Example/Pods-PDFReader_Example.debug.xcconfig"; sourceTree = "<group>"; };
		B092B553A40900ECE38AC2CB /* Pods_PDFReader_Example.framework */ = {isa = PBXFileReference; explicitFileType = wrapper.framework; includeInIndex = 0; path = Pods_PDFReader_Example.framework; sourceTree = BUILT_PRODUCTS_DIR; };
		CCA7A02683C7D91C55881857 /* Pods_PDFReader_Tests.framework */ = {isa = PBXFileReference; explicitFileType = wrapper.framework; includeInIndex = 0; path = Pods_PDFReader_Tests.framework; sourceTree = BUILT_PRODUCTS_DIR; };
/* End PBXFileReference section */

/* Begin PBXFrameworksBuildPhase section */
		607FACCD1AFB9204008FA782 /* Frameworks */ = {
			isa = PBXFrameworksBuildPhase;
			buildActionMask = 2147483647;
			files = (
				FCC2A00F1D8FA3FA76401EE3 /* Pods_PDFReader_Example.framework in Frameworks */,
			);
			runOnlyForDeploymentPostprocessing = 0;
		};
/* End PBXFrameworksBuildPhase section */

/* Begin PBXGroup section */
		04083B6883158A5CA318C561 /* Pods */ = {
			isa = PBXGroup;
			children = (
				62861315499D9C5EC84C7F07 /* Pods-PDFReader_Example.debug.xcconfig */,
				1834BADA5C8A9B9E37208388 /* Pods-PDFReader_Example.release.xcconfig */,
				485ABBFA7C7318D55400E909 /* Pods-PDFReader_Tests.debug.xcconfig */,
				1DB318A301D29B8A3EFCBA2C /* Pods-PDFReader_Tests.release.xcconfig */,
			);
			name = Pods;
			sourceTree = "<group>";
		};
		08B76DA55B4D2B43DD5FF34E /* Frameworks */ = {
			isa = PBXGroup;
			children = (
				B092B553A40900ECE38AC2CB /* Pods_PDFReader_Example.framework */,
				CCA7A02683C7D91C55881857 /* Pods_PDFReader_Tests.framework */,
			);
			name = Frameworks;
			sourceTree = "<group>";
		};
		14E62A201D3981610064776C /* ExamplePDFs */ = {
			isa = PBXGroup;
			children = (
				14E62A211D3981610064776C /* apple.pdf */,
				14E62A221D3981610064776C /* mongodb.pdf */,
			);
			name = ExamplePDFs;
			path = DemoFiles/ExamplePDFs;
			sourceTree = SOURCE_ROOT;
		};
		607FACC71AFB9204008FA782 = {
			isa = PBXGroup;
			children = (
				607FACD21AFB9204008FA782 /* PDFReaderDemo */,
				607FACD11AFB9204008FA782 /* Products */,
				04083B6883158A5CA318C561 /* Pods */,
				08B76DA55B4D2B43DD5FF34E /* Frameworks */,
			);
			sourceTree = "<group>";
		};
		607FACD11AFB9204008FA782 /* Products */ = {
			isa = PBXGroup;
			children = (
				607FACD01AFB9204008FA782 /* PDFReader_Example.app */,
			);
			name = Products;
			sourceTree = "<group>";
		};
		607FACD21AFB9204008FA782 /* PDFReaderDemo */ = {
			isa = PBXGroup;
			children = (
				14E62A271D3981700064776C /* AppDelegate.swift */,
				14E62A201D3981610064776C /* ExamplePDFs */,
				14E62A1F1D3981610064776C /* Images.xcassets */,
				14E62A2C1D3981D60064776C /* Info.plist */,
				14E62A1B1D39815A0064776C /* LaunchScreen.xib */,
				14E62A191D39815A0064776C /* Main.storyboard */,
				14E62A261D3981700064776C /* StartViewController.swift */,
			);
			name = PDFReaderDemo;
			path = PDFReader;
			sourceTree = "<group>";
		};
/* End PBXGroup section */

/* Begin PBXNativeTarget section */
		607FACCF1AFB9204008FA782 /* PDFReader_Example */ = {
			isa = PBXNativeTarget;
			buildConfigurationList = 607FACEF1AFB9204008FA782 /* Build configuration list for PBXNativeTarget "PDFReader_Example" */;
			buildPhases = (
				131001A697C47DA7DEE02C11 /* [CP] Check Pods Manifest.lock */,
				607FACCC1AFB9204008FA782 /* Sources */,
				607FACCD1AFB9204008FA782 /* Frameworks */,
				607FACCE1AFB9204008FA782 /* Resources */,
				F91AD7CDC896227976E2C621 /* [CP] Embed Pods Frameworks */,
				2384A5DA28FB1E754792B102 /* [CP] Copy Pods Resources */,
			);
			buildRules = (
			);
			dependencies = (
			);
			name = PDFReader_Example;
			productName = PDFReader;
			productReference = 607FACD01AFB9204008FA782 /* PDFReader_Example.app */;
			productType = "com.apple.product-type.application";
		};
/* End PBXNativeTarget section */

/* Begin PBXProject section */
		607FACC81AFB9204008FA782 /* Project object */ = {
			isa = PBXProject;
			attributes = {
				LastSwiftUpdateCheck = 0730;
				LastUpgradeCheck = 0800;
				ORGANIZATIONNAME = CocoaPods;
				TargetAttributes = {
					607FACCF1AFB9204008FA782 = {
						CreatedOnToolsVersion = 6.3.1;
						DevelopmentTeam = HC9R4J3HM5;
						LastSwiftMigration = 0800;
					};
				};
			};
			buildConfigurationList = 607FACCB1AFB9204008FA782 /* Build configuration list for PBXProject "PDFReader" */;
			compatibilityVersion = "Xcode 3.2";
			developmentRegion = English;
			hasScannedForEncodings = 0;
			knownRegions = (
				en,
				Base,
			);
			mainGroup = 607FACC71AFB9204008FA782;
			productRefGroup = 607FACD11AFB9204008FA782 /* Products */;
			projectDirPath = "";
			projectRoot = "";
			targets = (
				607FACCF1AFB9204008FA782 /* PDFReader_Example */,
			);
		};
/* End PBXProject section */

/* Begin PBXResourcesBuildPhase section */
		607FACCE1AFB9204008FA782 /* Resources */ = {
			isa = PBXResourcesBuildPhase;
			buildActionMask = 2147483647;
			files = (
				14E62A231D3981610064776C /* Images.xcassets in Resources */,
				14E62A1E1D39815A0064776C /* LaunchScreen.xib in Resources */,
				14E62A1D1D39815A0064776C /* Main.storyboard in Resources */,
				14E62A251D3981610064776C /* mongodb.pdf in Resources */,
				14E62A241D3981610064776C /* apple.pdf in Resources */,
			);
			runOnlyForDeploymentPostprocessing = 0;
		};
/* End PBXResourcesBuildPhase section */

/* Begin PBXShellScriptBuildPhase section */
		131001A697C47DA7DEE02C11 /* [CP] Check Pods Manifest.lock */ = {
			isa = PBXShellScriptBuildPhase;
			buildActionMask = 2147483647;
			files = (
			);
			inputPaths = (
			);
			name = "[CP] Check Pods Manifest.lock";
			outputPaths = (
			);
			runOnlyForDeploymentPostprocessing = 0;
			shellPath = /bin/sh;
			shellScript = "diff \"${PODS_ROOT}/../Podfile.lock\" \"${PODS_ROOT}/Manifest.lock\" > /dev/null\nif [ $? != 0 ] ; then\n    # print error to STDERR\n    echo \"error: The sandbox is not in sync with the Podfile.lock. Run 'pod install' or update your CocoaPods installation.\" >&2\n    exit 1\nfi\n";
			showEnvVarsInLog = 0;
		};
		2384A5DA28FB1E754792B102 /* [CP] Copy Pods Resources */ = {
			isa = PBXShellScriptBuildPhase;
			buildActionMask = 2147483647;
			files = (
			);
			inputPaths = (
			);
			name = "[CP] Copy Pods Resources";
			outputPaths = (
			);
			runOnlyForDeploymentPostprocessing = 0;
			shellPath = /bin/sh;
			shellScript = "\"${SRCROOT}/Pods/Target Support Files/Pods-PDFReader_Example/Pods-PDFReader_Example-resources.sh\"\n";
			showEnvVarsInLog = 0;
		};
		F91AD7CDC896227976E2C621 /* [CP] Embed Pods Frameworks */ = {
			isa = PBXShellScriptBuildPhase;
			buildActionMask = 2147483647;
			files = (
			);
			inputPaths = (
			);
			name = "[CP] Embed Pods Frameworks";
			outputPaths = (
			);
			runOnlyForDeploymentPostprocessing = 0;
			shellPath = /bin/sh;
			shellScript = "\"${SRCROOT}/Pods/Target Support Files/Pods-PDFReader_Example/Pods-PDFReader_Example-frameworks.sh\"\n";
			showEnvVarsInLog = 0;
		};
/* End PBXShellScriptBuildPhase section */

/* Begin PBXSourcesBuildPhase section */
		607FACCC1AFB9204008FA782 /* Sources */ = {
			isa = PBXSourcesBuildPhase;
			buildActionMask = 2147483647;
			files = (
				14E62A291D3981700064776C /* AppDelegate.swift in Sources */,
				14E62A281D3981700064776C /* StartViewController.swift in Sources */,
			);
			runOnlyForDeploymentPostprocessing = 0;
		};
/* End PBXSourcesBuildPhase section */

/* Begin PBXVariantGroup section */
		14E62A191D39815A0064776C /* Main.storyboard */ = {
			isa = PBXVariantGroup;
			children = (
				14E62A1A1D39815A0064776C /* Base */,
			);
			name = Main.storyboard;
			sourceTree = "<group>";
		};
		14E62A1B1D39815A0064776C /* LaunchScreen.xib */ = {
			isa = PBXVariantGroup;
			children = (
				14E62A1C1D39815A0064776C /* Base */,
			);
			name = LaunchScreen.xib;
			sourceTree = "<group>";
		};
/* End PBXVariantGroup section */

/* Begin XCBuildConfiguration section */
		607FACED1AFB9204008FA782 /* Debug */ = {
			isa = XCBuildConfiguration;
			buildSettings = {
				ALWAYS_SEARCH_USER_PATHS = NO;
				CLANG_CXX_LANGUAGE_STANDARD = "gnu++0x";
				CLANG_CXX_LIBRARY = "libc++";
				CLANG_ENABLE_MODULES = YES;
				CLANG_ENABLE_OBJC_ARC = YES;
				CLANG_WARN_BOOL_CONVERSION = YES;
				CLANG_WARN_CONSTANT_CONVERSION = YES;
				CLANG_WARN_DIRECT_OBJC_ISA_USAGE = YES_ERROR;
				CLANG_WARN_EMPTY_BODY = YES;
				CLANG_WARN_ENUM_CONVERSION = YES;
				CLANG_WARN_INFINITE_RECURSION = YES;
				CLANG_WARN_INT_CONVERSION = YES;
				CLANG_WARN_OBJC_ROOT_CLASS = YES_ERROR;
				CLANG_WARN_SUSPICIOUS_MOVE = YES;
				CLANG_WARN_UNREACHABLE_CODE = YES;
				CLANG_WARN__DUPLICATE_METHOD_MATCH = YES;
				"CODE_SIGN_IDENTITY[sdk=iphoneos*]" = "iPhone Developer";
				COPY_PHASE_STRIP = NO;
				DEBUG_INFORMATION_FORMAT = "dwarf-with-dsym";
				ENABLE_STRICT_OBJC_MSGSEND = YES;
				ENABLE_TESTABILITY = YES;
				GCC_C_LANGUAGE_STANDARD = gnu99;
				GCC_DYNAMIC_NO_PIC = NO;
				GCC_NO_COMMON_BLOCKS = YES;
				GCC_OPTIMIZATION_LEVEL = 0;
				GCC_PREPROCESSOR_DEFINITIONS = (
					"DEBUG=1",
					"$(inherited)",
				);
				GCC_SYMBOLS_PRIVATE_EXTERN = NO;
				GCC_WARN_64_TO_32_BIT_CONVERSION = YES;
				GCC_WARN_ABOUT_RETURN_TYPE = YES_ERROR;
				GCC_WARN_UNDECLARED_SELECTOR = YES;
				GCC_WARN_UNINITIALIZED_AUTOS = YES_AGGRESSIVE;
				GCC_WARN_UNUSED_FUNCTION = YES;
				GCC_WARN_UNUSED_VARIABLE = YES;
				IPHONEOS_DEPLOYMENT_TARGET = 8.3;
				MTL_ENABLE_DEBUG_INFO = YES;
				ONLY_ACTIVE_ARCH = YES;
				SDKROOT = iphoneos;
				SWIFT_OPTIMIZATION_LEVEL = "-Onone";
			};
			name = Debug;
		};
		607FACEE1AFB9204008FA782 /* Release */ = {
			isa = XCBuildConfiguration;
			buildSettings = {
				ALWAYS_SEARCH_USER_PATHS = NO;
				CLANG_CXX_LANGUAGE_STANDARD = "gnu++0x";
				CLANG_CXX_LIBRARY = "libc++";
				CLANG_ENABLE_MODULES = YES;
				CLANG_ENABLE_OBJC_ARC = YES;
				CLANG_WARN_BOOL_CONVERSION = YES;
				CLANG_WARN_CONSTANT_CONVERSION = YES;
				CLANG_WARN_DIRECT_OBJC_ISA_USAGE = YES_ERROR;
				CLANG_WARN_EMPTY_BODY = YES;
				CLANG_WARN_ENUM_CONVERSION = YES;
				CLANG_WARN_INFINITE_RECURSION = YES;
				CLANG_WARN_INT_CONVERSION = YES;
				CLANG_WARN_OBJC_ROOT_CLASS = YES_ERROR;
				CLANG_WARN_SUSPICIOUS_MOVE = YES;
				CLANG_WARN_UNREACHABLE_CODE = YES;
				CLANG_WARN__DUPLICATE_METHOD_MATCH = YES;
				"CODE_SIGN_IDENTITY[sdk=iphoneos*]" = "iPhone Developer";
				COPY_PHASE_STRIP = NO;
				DEBUG_INFORMATION_FORMAT = "dwarf-with-dsym";
				ENABLE_NS_ASSERTIONS = NO;
				ENABLE_STRICT_OBJC_MSGSEND = YES;
				GCC_C_LANGUAGE_STANDARD = gnu99;
				GCC_NO_COMMON_BLOCKS = YES;
				GCC_WARN_64_TO_32_BIT_CONVERSION = YES;
				GCC_WARN_ABOUT_RETURN_TYPE = YES_ERROR;
				GCC_WARN_UNDECLARED_SELECTOR = YES;
				GCC_WARN_UNINITIALIZED_AUTOS = YES_AGGRESSIVE;
				GCC_WARN_UNUSED_FUNCTION = YES;
				GCC_WARN_UNUSED_VARIABLE = YES;
				IPHONEOS_DEPLOYMENT_TARGET = 8.3;
				MTL_ENABLE_DEBUG_INFO = NO;
				SDKROOT = iphoneos;
				SWIFT_OPTIMIZATION_LEVEL = "-Owholemodule";
				VALIDATE_PRODUCT = YES;
			};
			name = Release;
		};
		607FACF01AFB9204008FA782 /* Debug */ = {
			isa = XCBuildConfiguration;
			baseConfigurationReference = 62861315499D9C5EC84C7F07 /* Pods-PDFReader_Example.debug.xcconfig */;
			buildSettings = {
				ALWAYS_EMBED_SWIFT_STANDARD_LIBRARIES = YES;
				ASSETCATALOG_COMPILER_APPICON_NAME = AppIcon;
				ASSETCATALOG_COMPILER_LAUNCHIMAGE_NAME = "Brand Assets";
				CLANG_ENABLE_MODULES = YES;
				DEVELOPMENT_TEAM = HC9R4J3HM5;
				INFOPLIST_FILE = "$(SRCROOT)/DemoFiles/Info.plist";
				IPHONEOS_DEPLOYMENT_TARGET = 9.3;
				LD_RUNPATH_SEARCH_PATHS = "$(inherited) @executable_path/Frameworks";
				MODULE_NAME = ExampleApp;
				PRODUCT_BUNDLE_IDENTIFIER = "com.AK.PDFReader-Example";
				PRODUCT_NAME = "$(TARGET_NAME)";
				SWIFT_OPTIMIZATION_LEVEL = "-Onone";
				SWIFT_VERSION = 3.0;
				TARGETED_DEVICE_FAMILY = "1,2";
			};
			name = Debug;
		};
		607FACF11AFB9204008FA782 /* Release */ = {
			isa = XCBuildConfiguration;
			baseConfigurationReference = 1834BADA5C8A9B9E37208388 /* Pods-PDFReader_Example.release.xcconfig */;
			buildSettings = {
				ALWAYS_EMBED_SWIFT_STANDARD_LIBRARIES = YES;
				ASSETCATALOG_COMPILER_APPICON_NAME = AppIcon;
				ASSETCATALOG_COMPILER_LAUNCHIMAGE_NAME = "Brand Assets";
				CLANG_ENABLE_MODULES = YES;
				DEVELOPMENT_TEAM = HC9R4J3HM5;
				INFOPLIST_FILE = "$(SRCROOT)/DemoFiles/Info.plist";
				IPHONEOS_DEPLOYMENT_TARGET = 9.3;
				LD_RUNPATH_SEARCH_PATHS = "$(inherited) @executable_path/Frameworks";
				MODULE_NAME = ExampleApp;
				PRODUCT_BUNDLE_IDENTIFIER = "com.AK.PDFReader-Example";
				PRODUCT_NAME = "$(TARGET_NAME)";
				SWIFT_VERSION = 3.0;
				TARGETED_DEVICE_FAMILY = "1,2";
			};
			name = Release;
		};
/* End XCBuildConfiguration section */

/* Begin XCConfigurationList section */
		607FACCB1AFB9204008FA782 /* Build configuration list for PBXProject "PDFReader" */ = {
			isa = XCConfigurationList;
			buildConfigurations = (
				607FACED1AFB9204008FA782 /* Debug */,
				607FACEE1AFB9204008FA782 /* Release */,
			);
			defaultConfigurationIsVisible = 0;
			defaultConfigurationName = Release;
		};
		607FACEF1AFB9204008FA782 /* Build configuration list for PBXNativeTarget "PDFReader_Example" */ = {
			isa = XCConfigurationList;
			buildConfigurations = (
				607FACF01AFB9204008FA782 /* Debug */,
				607FACF11AFB9204008FA782 /* Release */,
			);
			defaultConfigurationIsVisible = 0;
			defaultConfigurationName = Release;
		};
/* End XCConfigurationList section */
	};
	rootObject = 607FACC81AFB9204008FA782 /* Project object */;
}
