// !$*UTF8*$!
{
	archiveVersion = 1;
	classes = {
	};
	objectVersion = 46;
	objects = {

/* Begin PBXBuildFile section */
		21DB49C21AE913C900CC19DC /* AppDelegate.swift in Sources */ = {isa = PBXBuildFile; fileRef = 21DB49C11AE913C900CC19DC /* AppDelegate.swift */; };
		21DB49C41AE913C900CC19DC /* ViewController.swift in Sources */ = {isa = PBXBuildFile; fileRef = 21DB49C31AE913C900CC19DC /* ViewController.swift */; };
		21DB49C71AE913C900CC19DC /* Main.storyboard in Resources */ = {isa = PBXBuildFile; fileRef = 21DB49C51AE913C900CC19DC /* Main.storyboard */; };
		21DB49C91AE913C900CC19DC /* Images.xcassets in Resources */ = {isa = PBXBuildFile; fileRef = 21DB49C81AE913C900CC19DC /* Images.xcassets */; };
		21DB49CC1AE913C900CC19DC /* LaunchScreen.xib in Resources */ = {isa = PBXBuildFile; fileRef = 21DB49CA1AE913C900CC19DC /* LaunchScreen.xib */; };
		21DB49D81AE913C900CC19DC /* PDFReaderTests.swift in Sources */ = {isa = PBXBuildFile; fileRef = 21DB49D71AE913C900CC19DC /* PDFReaderTests.swift */; };
/* End PBXBuildFile section */

/* Begin PBXContainerItemProxy section */
		21DB49D21AE913C900CC19DC /* PBXContainerItemProxy */ = {
			isa = PBXContainerItemProxy;
			containerPortal = 21DB49B41AE913C900CC19DC /* Project object */;
			proxyType = 1;
			remoteGlobalIDString = 21DB49BB1AE913C900CC19DC;
			remoteInfo = PDFReader;
		};
/* End PBXContainerItemProxy section */

/* Begin PBXFileReference section */
		21DB49BC1AE913C900CC19DC /* PDFReader.app */ = {isa = PBXFileReference; explicitFileType = wrapper.application; includeInIndex = 0; path = PDFReader.app; sourceTree = BUILT_PRODUCTS_DIR; };
		21DB49C01AE913C900CC19DC /* Info.plist */ = {isa = PBXFileReference; lastKnownFileType = text.plist.xml; path = Info.plist; sourceTree = "<group>"; };
		21DB49C11AE913C900CC19DC /* AppDelegate.swift */ = {isa = PBXFileReference; lastKnownFileType = sourcecode.swift; path = AppDelegate.swift; sourceTree = "<group>"; };
		21DB49C31AE913C900CC19DC /* ViewController.swift */ = {isa = PBXFileReference; lastKnownFileType = sourcecode.swift; path = ViewController.swift; sourceTree = "<group>"; };
		21DB49C61AE913C900CC19DC /* Base */ = {isa = PBXFileReference; lastKnownFileType = file.storyboard; name = Base; path = Base.lproj/Main.storyboard; sourceTree = "<group>"; };
		21DB49C81AE913C900CC19DC /* Images.xcassets */ = {isa = PBXFileReference; lastKnownFileType = folder.assetcatalog; path = Images.xcassets; sourceTree = "<group>"; };
		21DB49CB1AE913C900CC19DC /* Base */ = {isa = PBXFileReference; lastKnownFileType = file.xib; name = Base; path = Base.lproj/LaunchScreen.xib; sourceTree = "<group>"; };
		21DB49D11AE913C900CC19DC /* PDFReaderTests.xctest */ = {isa = PBXFileReference; explicitFileType = wrapper.cfbundle; includeInIndex = 0; path = PDFReaderTests.xctest; sourceTree = BUILT_PRODUCTS_DIR; };
		21DB49D61AE913C900CC19DC /* Info.plist */ = {isa = PBXFileReference; lastKnownFileType = text.plist.xml; path = Info.plist; sourceTree = "<group>"; };
		21DB49D71AE913C900CC19DC /* PDFReaderTests.swift */ = {isa = PBXFileReference; lastKnownFileType = sourcecode.swift; path = PDFReaderTests.swift; sourceTree = "<group>"; };
/* End PBXFileReference section */

/* Begin PBXFrameworksBuildPhase section */
		21DB49B91AE913C900CC19DC /* Frameworks */ = {
			isa = PBXFrameworksBuildPhase;
			buildActionMask = 2147483647;
			files = (
			);
			runOnlyForDeploymentPostprocessing = 0;
		};
		21DB49CE1AE913C900CC19DC /* Frameworks */ = {
			isa = PBXFrameworksBuildPhase;
			buildActionMask = 2147483647;
			files = (
			);
			runOnlyForDeploymentPostprocessing = 0;
		};
/* End PBXFrameworksBuildPhase section */

/* Begin PBXGroup section */
		21DB49B31AE913C900CC19DC = {
			isa = PBXGroup;
			children = (
				21DB49BE1AE913C900CC19DC /* PDFReader */,
				21DB49D41AE913C900CC19DC /* PDFReaderTests */,
				21DB49BD1AE913C900CC19DC /* Products */,
			);
			sourceTree = "<group>";
		};
		21DB49BD1AE913C900CC19DC /* Products */ = {
			isa = PBXGroup;
			children = (
				21DB49BC1AE913C900CC19DC /* PDFReader.app */,
				21DB49D11AE913C900CC19DC /* PDFReaderTests.xctest */,
			);
			name = Products;
			sourceTree = "<group>";
		};
		21DB49BE1AE913C900CC19DC /* PDFReader */ = {
			isa = PBXGroup;
			children = (
				21DB49C11AE913C900CC19DC /* AppDelegate.swift */,
				21DB49C31AE913C900CC19DC /* ViewController.swift */,
				21DB49C51AE913C900CC19DC /* Main.storyboard */,
				21DB49C81AE913C900CC19DC /* Images.xcassets */,
				21DB49CA1AE913C900CC19DC /* LaunchScreen.xib */,
				21DB49BF1AE913C900CC19DC /* Supporting Files */,
			);
			path = PDFReader;
			sourceTree = "<group>";
		};
		21DB49BF1AE913C900CC19DC /* Supporting Files */ = {
			isa = PBXGroup;
			children = (
				21DB49C01AE913C900CC19DC /* Info.plist */,
			);
			name = "Supporting Files";
			sourceTree = "<group>";
		};
		21DB49D41AE913C900CC19DC /* PDFReaderTests */ = {
			isa = PBXGroup;
			children = (
				21DB49D71AE913C900CC19DC /* PDFReaderTests.swift */,
				21DB49D51AE913C900CC19DC /* Supporting Files */,
			);
			path = PDFReaderTests;
			sourceTree = "<group>";
		};
		21DB49D51AE913C900CC19DC /* Supporting Files */ = {
			isa = PBXGroup;
			children = (
				21DB49D61AE913C900CC19DC /* Info.plist */,
			);
			name = "Supporting Files";
			sourceTree = "<group>";
		};
/* End PBXGroup section */

/* Begin PBXNativeTarget section */
		21DB49BB1AE913C900CC19DC /* PDFReader */ = {
			isa = PBXNativeTarget;
			buildConfigurationList = 21DB49DB1AE913C900CC19DC /* Build configuration list for PBXNativeTarget "PDFReader" */;
			buildPhases = (
				21DB49B81AE913C900CC19DC /* Sources */,
				21DB49B91AE913C900CC19DC /* Frameworks */,
				21DB49BA1AE913C900CC19DC /* Resources */,
			);
			buildRules = (
			);
			dependencies = (
			);
			name = PDFReader;
			productName = PDFReader;
			productReference = 21DB49BC1AE913C900CC19DC /* PDFReader.app */;
			productType = "com.apple.product-type.application";
		};
		21DB49D01AE913C900CC19DC /* PDFReaderTests */ = {
			isa = PBXNativeTarget;
			buildConfigurationList = 21DB49DE1AE913C900CC19DC /* Build configuration list for PBXNativeTarget "PDFReaderTests" */;
			buildPhases = (
				21DB49CD1AE913C900CC19DC /* Sources */,
				21DB49CE1AE913C900CC19DC /* Frameworks */,
				21DB49CF1AE913C900CC19DC /* Resources */,
			);
			buildRules = (
			);
			dependencies = (
				21DB49D31AE913C900CC19DC /* PBXTargetDependency */,
			);
			name = PDFReaderTests;
			productName = PDFReaderTests;
			productReference = 21DB49D11AE913C900CC19DC /* PDFReaderTests.xctest */;
			productType = "com.apple.product-type.bundle.unit-test";
		};
/* End PBXNativeTarget section */

/* Begin PBXProject section */
		21DB49B41AE913C900CC19DC /* Project object */ = {
			isa = PBXProject;
			attributes = {
				LastUpgradeCheck = 0630;
				ORGANIZATIONNAME = AK;
				TargetAttributes = {
					21DB49BB1AE913C900CC19DC = {
						CreatedOnToolsVersion = 6.3;
					};
					21DB49D01AE913C900CC19DC = {
						CreatedOnToolsVersion = 6.3;
						TestTargetID = 21DB49BB1AE913C900CC19DC;
					};
				};
			};
			buildConfigurationList = 21DB49B71AE913C900CC19DC /* Build configuration list for PBXProject "PDFReader" */;
			compatibilityVersion = "Xcode 3.2";
			developmentRegion = English;
			hasScannedForEncodings = 0;
			knownRegions = (
				en,
				Base,
			);
			mainGroup = 21DB49B31AE913C900CC19DC;
			productRefGroup = 21DB49BD1AE913C900CC19DC /* Products */;
			projectDirPath = "";
			projectRoot = "";
			targets = (
				21DB49BB1AE913C900CC19DC /* PDFReader */,
				21DB49D01AE913C900CC19DC /* PDFReaderTests */,
			);
		};
/* End PBXProject section */

/* Begin PBXResourcesBuildPhase section */
		21DB49BA1AE913C900CC19DC /* Resources */ = {
			isa = PBXResourcesBuildPhase;
			buildActionMask = 2147483647;
			files = (
				21DB49C71AE913C900CC19DC /* Main.storyboard in Resources */,
				21DB49CC1AE913C900CC19DC /* LaunchScreen.xib in Resources */,
				21DB49C91AE913C900CC19DC /* Images.xcassets in Resources */,
			);
			runOnlyForDeploymentPostprocessing = 0;
		};
		21DB49CF1AE913C900CC19DC /* Resources */ = {
			isa = PBXResourcesBuildPhase;
			buildActionMask = 2147483647;
			files = (
			);
			runOnlyForDeploymentPostprocessing = 0;
		};
/* End PBXResourcesBuildPhase section */

/* Begin PBXSourcesBuildPhase section */
		21DB49B81AE913C900CC19DC /* Sources */ = {
			isa = PBXSourcesBuildPhase;
			buildActionMask = 2147483647;
			files = (
				21DB49C41AE913C900CC19DC /* ViewController.swift in Sources */,
				21DB49C21AE913C900CC19DC /* AppDelegate.swift in Sources */,
			);
			runOnlyForDeploymentPostprocessing = 0;
		};
		21DB49CD1AE913C900CC19DC /* Sources */ = {
			isa = PBXSourcesBuildPhase;
			buildActionMask = 2147483647;
			files = (
				21DB49D81AE913C900CC19DC /* PDFReaderTests.swift in Sources */,
			);
			runOnlyForDeploymentPostprocessing = 0;
		};
/* End PBXSourcesBuildPhase section */

/* Begin PBXTargetDependency section */
		21DB49D31AE913C900CC19DC /* PBXTargetDependency */ = {
			isa = PBXTargetDependency;
			target = 21DB49BB1AE913C900CC19DC /* PDFReader */;
			targetProxy = 21DB49D21AE913C900CC19DC /* PBXContainerItemProxy */;
		};
/* End PBXTargetDependency section */

/* Begin PBXVariantGroup section */
		21DB49C51AE913C900CC19DC /* Main.storyboard */ = {
			isa = PBXVariantGroup;
			children = (
				21DB49C61AE913C900CC19DC /* Base */,
			);
			name = Main.storyboard;
			sourceTree = "<group>";
		};
		21DB49CA1AE913C900CC19DC /* LaunchScreen.xib */ = {
			isa = PBXVariantGroup;
			children = (
				21DB49CB1AE913C900CC19DC /* Base */,
			);
			name = LaunchScreen.xib;
			sourceTree = "<group>";
		};
/* End PBXVariantGroup section */

/* Begin XCBuildConfiguration section */
		21DB49D91AE913C900CC19DC /* Debug */ = {
			isa = XCBuildConfiguration;
			buildSettings = {
				ALWAYS_SEARCH_USER_PATHS = NO;
				CLANG_CXX_LANGUAGE_STANDARD = "gnu++0x";
				CLANG_CXX_LIBRARY = "libc++";
				CLANG_ENABLE_MODULES = YES;
				CLANG_ENABLE_OBJC_ARC = YES;
				CLANG_WARN_BOOL_CONVERSION = YES;
				CLANG_WARN_CONSTANT_CONVERSION = YES;
				CLANG_WARN_DIRECT_OBJC_ISA_USAGE = YES_ERROR;
				CLANG_WARN_EMPTY_BODY = YES;
				CLANG_WARN_ENUM_CONVERSION = YES;
				CLANG_WARN_INT_CONVERSION = YES;
				CLANG_WARN_OBJC_ROOT_CLASS = YES_ERROR;
				CLANG_WARN_UNREACHABLE_CODE = YES;
				CLANG_WARN__DUPLICATE_METHOD_MATCH = YES;
				"CODE_SIGN_IDENTITY[sdk=iphoneos*]" = "iPhone Developer";
				COPY_PHASE_STRIP = NO;
				DEBUG_INFORMATION_FORMAT = "dwarf-with-dsym";
				ENABLE_STRICT_OBJC_MSGSEND = YES;
				GCC_C_LANGUAGE_STANDARD = gnu99;
				GCC_DYNAMIC_NO_PIC = NO;
				GCC_NO_COMMON_BLOCKS = YES;
				GCC_OPTIMIZATION_LEVEL = 0;
				GCC_PREPROCESSOR_DEFINITIONS = (
					"DEBUG=1",
					"$(inherited)",
				);
				GCC_SYMBOLS_PRIVATE_EXTERN = NO;
				GCC_WARN_64_TO_32_BIT_CONVERSION = YES;
				GCC_WARN_ABOUT_RETURN_TYPE = YES_ERROR;
				GCC_WARN_UNDECLARED_SELECTOR = YES;
				GCC_WARN_UNINITIALIZED_AUTOS = YES_AGGRESSIVE;
				GCC_WARN_UNUSED_FUNCTION = YES;
				GCC_WARN_UNUSED_VARIABLE = YES;
				IPHONEOS_DEPLOYMENT_TARGET = 8.3;
				MTL_ENABLE_DEBUG_INFO = YES;
				ONLY_ACTIVE_ARCH = YES;
				SDKROOT = iphoneos;
				SWIFT_OPTIMIZATION_LEVEL = "-Onone";
				TARGETED_DEVICE_FAMILY = "1,2";
			};
			name = Debug;
		};
		21DB49DA1AE913C900CC19DC /* Release */ = {
			isa = XCBuildConfiguration;
			buildSettings = {
				ALWAYS_SEARCH_USER_PATHS = NO;
				CLANG_CXX_LANGUAGE_STANDARD = "gnu++0x";
				CLANG_CXX_LIBRARY = "libc++";
				CLANG_ENABLE_MODULES = YES;
				CLANG_ENABLE_OBJC_ARC = YES;
				CLANG_WARN_BOOL_CONVERSION = YES;
				CLANG_WARN_CONSTANT_CONVERSION = YES;
				CLANG_WARN_DIRECT_OBJC_ISA_USAGE = YES_ERROR;
				CLANG_WARN_EMPTY_BODY = YES;
				CLANG_WARN_ENUM_CONVERSION = YES;
				CLANG_WARN_INT_CONVERSION = YES;
				CLANG_WARN_OBJC_ROOT_CLASS = YES_ERROR;
				CLANG_WARN_UNREACHABLE_CODE = YES;
				CLANG_WARN__DUPLICATE_METHOD_MATCH = YES;
				"CODE_SIGN_IDENTITY[sdk=iphoneos*]" = "iPhone Developer";
				COPY_PHASE_STRIP = NO;
				DEBUG_INFORMATION_FORMAT = "dwarf-with-dsym";
				ENABLE_NS_ASSERTIONS = NO;
				ENABLE_STRICT_OBJC_MSGSEND = YES;
				GCC_C_LANGUAGE_STANDARD = gnu99;
				GCC_NO_COMMON_BLOCKS = YES;
				GCC_WARN_64_TO_32_BIT_CONVERSION = YES;
				GCC_WARN_ABOUT_RETURN_TYPE = YES_ERROR;
				GCC_WARN_UNDECLARED_SELECTOR = YES;
				GCC_WARN_UNINITIALIZED_AUTOS = YES_AGGRESSIVE;
				GCC_WARN_UNUSED_FUNCTION = YES;
				GCC_WARN_UNUSED_VARIABLE = YES;
				IPHONEOS_DEPLOYMENT_TARGET = 8.3;
				MTL_ENABLE_DEBUG_INFO = NO;
				SDKROOT = iphoneos;
				TARGETED_DEVICE_FAMILY = "1,2";
				VALIDATE_PRODUCT = YES;
			};
			name = Release;
		};
		21DB49DC1AE913C900CC19DC /* Debug */ = {
			isa = XCBuildConfiguration;
			buildSettings = {
				ASSETCATALOG_COMPILER_APPICON_NAME = AppIcon;
				INFOPLIST_FILE = PDFReader/Info.plist;
				LD_RUNPATH_SEARCH_PATHS = "$(inherited) @executable_path/Frameworks";
				PRODUCT_NAME = "$(TARGET_NAME)";
			};
			name = Debug;
		};
		21DB49DD1AE913C900CC19DC /* Release */ = {
			isa = XCBuildConfiguration;
			buildSettings = {
				ASSETCATALOG_COMPILER_APPICON_NAME = AppIcon;
				INFOPLIST_FILE = PDFReader/Info.plist;
				LD_RUNPATH_SEARCH_PATHS = "$(inherited) @executable_path/Frameworks";
				PRODUCT_NAME = "$(TARGET_NAME)";
			};
			name = Release;
		};
		21DB49DF1AE913C900CC19DC /* Debug */ = {
			isa = XCBuildConfiguration;
			buildSettings = {
				BUNDLE_LOADER = "$(TEST_HOST)";
				FRAMEWORK_SEARCH_PATHS = (
					"$(SDKROOT)/Developer/Library/Frameworks",
					"$(inherited)",
				);
				GCC_PREPROCESSOR_DEFINITIONS = (
					"DEBUG=1",
					"$(inherited)",
				);
				INFOPLIST_FILE = PDFReaderTests/Info.plist;
				LD_RUNPATH_SEARCH_PATHS = "$(inherited) @executable_path/Frameworks @loader_path/Frameworks";
				PRODUCT_NAME = "$(TARGET_NAME)";
				TEST_HOST = "$(BUILT_PRODUCTS_DIR)/PDFReader.app/PDFReader";
			};
			name = Debug;
		};
		21DB49E01AE913C900CC19DC /* Release */ = {
			isa = XCBuildConfiguration;
			buildSettings = {
				BUNDLE_LOADER = "$(TEST_HOST)";
				FRAMEWORK_SEARCH_PATHS = (
					"$(SDKROOT)/Developer/Library/Frameworks",
					"$(inherited)",
				);
				INFOPLIST_FILE = PDFReaderTests/Info.plist;
				LD_RUNPATH_SEARCH_PATHS = "$(inherited) @executable_path/Frameworks @loader_path/Frameworks";
				PRODUCT_NAME = "$(TARGET_NAME)";
				TEST_HOST = "$(BUILT_PRODUCTS_DIR)/PDFReader.app/PDFReader";
			};
			name = Release;
		};
/* End XCBuildConfiguration section */

/* Begin XCConfigurationList section */
		21DB49B71AE913C900CC19DC /* Build configuration list for PBXProject "PDFReader" */ = {
			isa = XCConfigurationList;
			buildConfigurations = (
				21DB49D91AE913C900CC19DC /* Debug */,
				21DB49DA1AE913C900CC19DC /* Release */,
			);
			defaultConfigurationIsVisible = 0;
			defaultConfigurationName = Release;
		};
		21DB49DB1AE913C900CC19DC /* Build configuration list for PBXNativeTarget "PDFReader" */ = {
			isa = XCConfigurationList;
			buildConfigurations = (
				21DB49DC1AE913C900CC19DC /* Debug */,
				21DB49DD1AE913C900CC19DC /* Release */,
			);
			defaultConfigurationIsVisible = 0;
		};
		21DB49DE1AE913C900CC19DC /* Build configuration list for PBXNativeTarget "PDFReaderTests" */ = {
			isa = XCConfigurationList;
			buildConfigurations = (
				21DB49DF1AE913C900CC19DC /* Debug */,
				21DB49E01AE913C900CC19DC /* Release */,
			);
			defaultConfigurationIsVisible = 0;
		};
/* End XCConfigurationList section */
	};
	rootObject = 21DB49B41AE913C900CC19DC /* Project object */;
}
