// !$*UTF8*$!
{
	archiveVersion = 1;
	classes = {
	};
	objectVersion = 46;
	objects = {

/* Begin PBXBuildFile section */
		14047AAC1D36084A000C22C7 /* PDFPageCollectionViewCell.swift in Sources */ = {isa = PBXBuildFile; fileRef = 14047AAB1D36084A000C22C7 /* PDFPageCollectionViewCell.swift */; };
		1419B1B41D309C33008A5FAB /* StartViewController.swift in Sources */ = {isa = PBXBuildFile; fileRef = 1419B1B31D309C33008A5FAB /* StartViewController.swift */; };
		1465884E1D31B5CD00149C87 /* PDFThumbnailCollectionViewController.swift in Sources */ = {isa = PBXBuildFile; fileRef = 1465884D1D31B5CD00149C87 /* PDFThumbnailCollectionViewController.swift */; };
		146588501D31B88600149C87 /* PDFThumbnailCell.swift in Sources */ = {isa = PBXBuildFile; fileRef = 1465884F1D31B88600149C87 /* PDFThumbnailCell.swift */; };
		14A4EDE61D3368D700D5E424 /* PDFReader.storyboard in Resources */ = {isa = PBXBuildFile; fileRef = 14A4EDE41D3368D700D5E424 /* PDFReader.storyboard */; };
		14A4EDE71D3368D700D5E424 /* Demo.storyboard in Resources */ = {isa = PBXBuildFile; fileRef = 14A4EDE51D3368D700D5E424 /* Demo.storyboard */; };
		14A4EDE91D33EB6F00D5E424 /* apple.pdf in Resources */ = {isa = PBXBuildFile; fileRef = 14A4EDE81D33EB6F00D5E424 /* apple.pdf */; };
		21DB49C21AE913C900CC19DC /* AppDelegate.swift in Sources */ = {isa = PBXBuildFile; fileRef = 21DB49C11AE913C900CC19DC /* AppDelegate.swift */; };
		21DB49C41AE913C900CC19DC /* PDFViewController.swift in Sources */ = {isa = PBXBuildFile; fileRef = 21DB49C31AE913C900CC19DC /* PDFViewController.swift */; };
		21DB49C91AE913C900CC19DC /* Images.xcassets in Resources */ = {isa = PBXBuildFile; fileRef = 21DB49C81AE913C900CC19DC /* Images.xcassets */; };
		21DB49CC1AE913C900CC19DC /* LaunchScreen.xib in Resources */ = {isa = PBXBuildFile; fileRef = 21DB49CA1AE913C900CC19DC /* LaunchScreen.xib */; };
		21DB49E41AE9142C00CC19DC /* mongodb.pdf in Resources */ = {isa = PBXBuildFile; fileRef = 21DB49E31AE9142C00CC19DC /* mongodb.pdf */; };
		21DB49EB1AE9146200CC19DC /* PDFDocument.swift in Sources */ = {isa = PBXBuildFile; fileRef = 21DB49E61AE9146200CC19DC /* PDFDocument.swift */; };
		21DB49EC1AE9146200CC19DC /* PDFPageView.swift in Sources */ = {isa = PBXBuildFile; fileRef = 21DB49E71AE9146200CC19DC /* PDFPageView.swift */; };
		21DB49ED1AE9146200CC19DC /* PDFPreprocessor.swift in Sources */ = {isa = PBXBuildFile; fileRef = 21DB49E81AE9146200CC19DC /* PDFPreprocessor.swift */; };
		21DB49EE1AE9146200CC19DC /* TiledView.swift in Sources */ = {isa = PBXBuildFile; fileRef = 21DB49E91AE9146200CC19DC /* TiledView.swift */; };
/* End PBXBuildFile section */

/* Begin PBXFileReference section */
		14047AAB1D36084A000C22C7 /* PDFPageCollectionViewCell.swift */ = {isa = PBXFileReference; fileEncoding = 4; lastKnownFileType = sourcecode.swift; path = PDFPageCollectionViewCell.swift; sourceTree = "<group>"; };
		1419B1B31D309C33008A5FAB /* StartViewController.swift */ = {isa = PBXFileReference; fileEncoding = 4; lastKnownFileType = sourcecode.swift; name = StartViewController.swift; path = ../DemoSources/StartViewController.swift; sourceTree = "<group>"; };
		1465884D1D31B5CD00149C87 /* PDFThumbnailCollectionViewController.swift */ = {isa = PBXFileReference; fileEncoding = 4; lastKnownFileType = sourcecode.swift; path = PDFThumbnailCollectionViewController.swift; sourceTree = "<group>"; };
		1465884F1D31B88600149C87 /* PDFThumbnailCell.swift */ = {isa = PBXFileReference; fileEncoding = 4; lastKnownFileType = sourcecode.swift; path = PDFThumbnailCell.swift; sourceTree = "<group>"; };
		14A4EDE41D3368D700D5E424 /* PDFReader.storyboard */ = {isa = PBXFileReference; fileEncoding = 4; lastKnownFileType = file.storyboard; name = PDFReader.storyboard; path = Sources/PDFReader.storyboard; sourceTree = "<group>"; };
		14A4EDE51D3368D700D5E424 /* Demo.storyboard */ = {isa = PBXFileReference; fileEncoding = 4; lastKnownFileType = file.storyboard; name = Demo.storyboard; path = DemoSources/Demo.storyboard; sourceTree = "<group>"; };
		14A4EDE81D33EB6F00D5E424 /* apple.pdf */ = {isa = PBXFileReference; lastKnownFileType = image.pdf; path = apple.pdf; sourceTree = "<group>"; };
		21DB49BC1AE913C900CC19DC /* PDFReader.app */ = {isa = PBXFileReference; explicitFileType = wrapper.application; includeInIndex = 0; path = PDFReader.app; sourceTree = BUILT_PRODUCTS_DIR; };
		21DB49C01AE913C900CC19DC /* Info.plist */ = {isa = PBXFileReference; lastKnownFileType = text.plist.xml; path = Info.plist; sourceTree = "<group>"; };
		21DB49C11AE913C900CC19DC /* AppDelegate.swift */ = {isa = PBXFileReference; lastKnownFileType = sourcecode.swift; path = AppDelegate.swift; sourceTree = "<group>"; };
		21DB49C31AE913C900CC19DC /* PDFViewController.swift */ = {isa = PBXFileReference; lastKnownFileType = sourcecode.swift; path = PDFViewController.swift; sourceTree = "<group>"; };
		21DB49C81AE913C900CC19DC /* Images.xcassets */ = {isa = PBXFileReference; lastKnownFileType = folder.assetcatalog; path = Images.xcassets; sourceTree = "<group>"; };
		21DB49CB1AE913C900CC19DC /* Base */ = {isa = PBXFileReference; lastKnownFileType = file.xib; name = Base; path = Base.lproj/LaunchScreen.xib; sourceTree = "<group>"; };
		21DB49E31AE9142C00CC19DC /* mongodb.pdf */ = {isa = PBXFileReference; lastKnownFileType = image.pdf; path = mongodb.pdf; sourceTree = "<group>"; };
		21DB49E61AE9146200CC19DC /* PDFDocument.swift */ = {isa = PBXFileReference; fileEncoding = 4; lastKnownFileType = sourcecode.swift; path = PDFDocument.swift; sourceTree = "<group>"; };
		21DB49E71AE9146200CC19DC /* PDFPageView.swift */ = {isa = PBXFileReference; fileEncoding = 4; lastKnownFileType = sourcecode.swift; path = PDFPageView.swift; sourceTree = "<group>"; };
		21DB49E81AE9146200CC19DC /* PDFPreprocessor.swift */ = {isa = PBXFileReference; fileEncoding = 4; lastKnownFileType = sourcecode.swift; path = PDFPreprocessor.swift; sourceTree = "<group>"; };
		21DB49E91AE9146200CC19DC /* TiledView.swift */ = {isa = PBXFileReference; fileEncoding = 4; lastKnownFileType = sourcecode.swift; path = TiledView.swift; sourceTree = "<group>"; };
/* End PBXFileReference section */

/* Begin PBXFrameworksBuildPhase section */
		21DB49B91AE913C900CC19DC /* Frameworks */ = {
			isa = PBXFrameworksBuildPhase;
			buildActionMask = 2147483647;
			files = (
			);
			runOnlyForDeploymentPostprocessing = 0;
		};
/* End PBXFrameworksBuildPhase section */

/* Begin PBXGroup section */
		21DB49B31AE913C900CC19DC = {
			isa = PBXGroup;
			children = (
				21DB49BE1AE913C900CC19DC /* PDFReader */,
				21DB49BD1AE913C900CC19DC /* Products */,
			);
			sourceTree = "<group>";
		};
		21DB49BD1AE913C900CC19DC /* Products */ = {
			isa = PBXGroup;
			children = (
				21DB49BC1AE913C900CC19DC /* PDFReader.app */,
			);
			name = Products;
			sourceTree = "<group>";
		};
		21DB49BE1AE913C900CC19DC /* PDFReader */ = {
			isa = PBXGroup;
			children = (
				14A4EDE41D3368D700D5E424 /* PDFReader.storyboard */,
				14A4EDE51D3368D700D5E424 /* Demo.storyboard */,
				21DB49C11AE913C900CC19DC /* AppDelegate.swift */,
				21DB49C81AE913C900CC19DC /* Images.xcassets */,
				21DB49CA1AE913C900CC19DC /* LaunchScreen.xib */,
				21DB49F01AE9147800CC19DC /* PDFReader */,
				21DB49BF1AE913C900CC19DC /* Supporting Files */,
			);
			path = PDFReader;
			sourceTree = "<group>";
		};
		21DB49BF1AE913C900CC19DC /* Supporting Files */ = {
			isa = PBXGroup;
			children = (
				14A4EDE81D33EB6F00D5E424 /* apple.pdf */,
				21DB49E31AE9142C00CC19DC /* mongodb.pdf */,
				21DB49C01AE913C900CC19DC /* Info.plist */,
			);
			name = "Supporting Files";
			sourceTree = "<group>";
		};
		21DB49F01AE9147800CC19DC /* PDFReader */ = {
			isa = PBXGroup;
			children = (
				21DB49E61AE9146200CC19DC /* PDFDocument.swift */,
				14047AAB1D36084A000C22C7 /* PDFPageCollectionViewCell.swift */,
				21DB49E71AE9146200CC19DC /* PDFPageView.swift */,
				21DB49E81AE9146200CC19DC /* PDFPreprocessor.swift */,
				1465884F1D31B88600149C87 /* PDFThumbnailCell.swift */,
				1465884D1D31B5CD00149C87 /* PDFThumbnailCollectionViewController.swift */,
				21DB49C31AE913C900CC19DC /* PDFViewController.swift */,
				1419B1B31D309C33008A5FAB /* StartViewController.swift */,
				21DB49E91AE9146200CC19DC /* TiledView.swift */,
			);
			name = PDFReader;
			path = Sources;
			sourceTree = "<group>";
		};
/* End PBXGroup section */

/* Begin PBXNativeTarget section */
		21DB49BB1AE913C900CC19DC /* PDFReader */ = {
			isa = PBXNativeTarget;
			buildConfigurationList = 21DB49DB1AE913C900CC19DC /* Build configuration list for PBXNativeTarget "PDFReader" */;
			buildPhases = (
				21DB49B81AE913C900CC19DC /* Sources */,
				21DB49B91AE913C900CC19DC /* Frameworks */,
				21DB49BA1AE913C900CC19DC /* Resources */,
			);
			buildRules = (
			);
			dependencies = (
			);
			name = PDFReader;
			productName = PDFReader;
			productReference = 21DB49BC1AE913C900CC19DC /* PDFReader.app */;
			productType = "com.apple.product-type.application";
		};
/* End PBXNativeTarget section */

/* Begin PBXProject section */
		21DB49B41AE913C900CC19DC /* Project object */ = {
			isa = PBXProject;
			attributes = {
				LastSwiftMigration = 0730;
				LastSwiftUpdateCheck = 0730;
				LastUpgradeCheck = 0730;
				ORGANIZATIONNAME = AK;
				TargetAttributes = {
					21DB49BB1AE913C900CC19DC = {
						CreatedOnToolsVersion = 6.3;
						DevelopmentTeam = HC9R4J3HM5;
					};
				};
			};
			buildConfigurationList = 21DB49B71AE913C900CC19DC /* Build configuration list for PBXProject "PDFReader" */;
			compatibilityVersion = "Xcode 3.2";
			developmentRegion = English;
			hasScannedForEncodings = 0;
			knownRegions = (
				en,
				Base,
			);
			mainGroup = 21DB49B31AE913C900CC19DC;
			productRefGroup = 21DB49BD1AE913C900CC19DC /* Products */;
			projectDirPath = "";
			projectRoot = "";
			targets = (
				21DB49BB1AE913C900CC19DC /* PDFReader */,
			);
		};
/* End PBXProject section */

/* Begin PBXResourcesBuildPhase section */
		21DB49BA1AE913C900CC19DC /* Resources */ = {
			isa = PBXResourcesBuildPhase;
			buildActionMask = 2147483647;
			files = (
				21DB49E41AE9142C00CC19DC /* mongodb.pdf in Resources */,
				14A4EDE61D3368D700D5E424 /* PDFReader.storyboard in Resources */,
				14A4EDE91D33EB6F00D5E424 /* apple.pdf in Resources */,
				21DB49CC1AE913C900CC19DC /* LaunchScreen.xib in Resources */,
				21DB49C91AE913C900CC19DC /* Images.xcassets in Resources */,
				14A4EDE71D3368D700D5E424 /* Demo.storyboard in Resources */,
			);
			runOnlyForDeploymentPostprocessing = 0;
		};
/* End PBXResourcesBuildPhase section */

/* Begin PBXSourcesBuildPhase section */
		21DB49B81AE913C900CC19DC /* Sources */ = {
			isa = PBXSourcesBuildPhase;
			buildActionMask = 2147483647;
			files = (
				14047AAC1D36084A000C22C7 /* PDFPageCollectionViewCell.swift in Sources */,
				21DB49C41AE913C900CC19DC /* PDFViewController.swift in Sources */,
				1419B1B41D309C33008A5FAB /* StartViewController.swift in Sources */,
				21DB49EC1AE9146200CC19DC /* PDFPageView.swift in Sources */,
				21DB49EB1AE9146200CC19DC /* PDFDocument.swift in Sources */,
				146588501D31B88600149C87 /* PDFThumbnailCell.swift in Sources */,
				21DB49C21AE913C900CC19DC /* AppDelegate.swift in Sources */,
				21DB49ED1AE9146200CC19DC /* PDFPreprocessor.swift in Sources */,
				1465884E1D31B5CD00149C87 /* PDFThumbnailCollectionViewController.swift in Sources */,
				21DB49EE1AE9146200CC19DC /* TiledView.swift in Sources */,
			);
			runOnlyForDeploymentPostprocessing = 0;
		};
/* End PBXSourcesBuildPhase section */

/* Begin PBXVariantGroup section */
		21DB49CA1AE913C900CC19DC /* LaunchScreen.xib */ = {
			isa = PBXVariantGroup;
			children = (
				21DB49CB1AE913C900CC19DC /* Base */,
			);
			name = LaunchScreen.xib;
			sourceTree = "<group>";
		};
/* End PBXVariantGroup section */

/* Begin XCBuildConfiguration section */
		21DB49D91AE913C900CC19DC /* Debug */ = {
			isa = XCBuildConfiguration;
			buildSettings = {
				ALWAYS_SEARCH_USER_PATHS = NO;
				CLANG_CXX_LANGUAGE_STANDARD = "gnu++0x";
				CLANG_CXX_LIBRARY = "libc++";
				CLANG_ENABLE_MODULES = YES;
				CLANG_ENABLE_OBJC_ARC = YES;
				CLANG_WARN_BOOL_CONVERSION = YES;
				CLANG_WARN_CONSTANT_CONVERSION = YES;
				CLANG_WARN_DIRECT_OBJC_ISA_USAGE = YES_ERROR;
				CLANG_WARN_EMPTY_BODY = YES;
				CLANG_WARN_ENUM_CONVERSION = YES;
				CLANG_WARN_INT_CONVERSION = YES;
				CLANG_WARN_OBJC_ROOT_CLASS = YES_ERROR;
				CLANG_WARN_UNREACHABLE_CODE = YES;
				CLANG_WARN__DUPLICATE_METHOD_MATCH = YES;
				"CODE_SIGN_IDENTITY[sdk=iphoneos*]" = "iPhone Developer";
				COPY_PHASE_STRIP = NO;
				DEBUG_INFORMATION_FORMAT = "dwarf-with-dsym";
				ENABLE_STRICT_OBJC_MSGSEND = YES;
				ENABLE_TESTABILITY = YES;
				GCC_C_LANGUAGE_STANDARD = gnu99;
				GCC_DYNAMIC_NO_PIC = NO;
				GCC_NO_COMMON_BLOCKS = YES;
				GCC_OPTIMIZATION_LEVEL = 0;
				GCC_PREPROCESSOR_DEFINITIONS = (
					"DEBUG=1",
					"$(inherited)",
				);
				GCC_SYMBOLS_PRIVATE_EXTERN = NO;
				GCC_WARN_64_TO_32_BIT_CONVERSION = YES;
				GCC_WARN_ABOUT_RETURN_TYPE = YES_ERROR;
				GCC_WARN_UNDECLARED_SELECTOR = YES;
				GCC_WARN_UNINITIALIZED_AUTOS = YES_AGGRESSIVE;
				GCC_WARN_UNUSED_FUNCTION = YES;
				GCC_WARN_UNUSED_VARIABLE = YES;
				IPHONEOS_DEPLOYMENT_TARGET = 9.3;
				MTL_ENABLE_DEBUG_INFO = YES;
				ONLY_ACTIVE_ARCH = YES;
				SDKROOT = iphoneos;
				SWIFT_OPTIMIZATION_LEVEL = "-Onone";
				TARGETED_DEVICE_FAMILY = "1,2";
			};
			name = Debug;
		};
		21DB49DA1AE913C900CC19DC /* Release */ = {
			isa = XCBuildConfiguration;
			buildSettings = {
				ALWAYS_SEARCH_USER_PATHS = NO;
				CLANG_CXX_LANGUAGE_STANDARD = "gnu++0x";
				CLANG_CXX_LIBRARY = "libc++";
				CLANG_ENABLE_MODULES = YES;
				CLANG_ENABLE_OBJC_ARC = YES;
				CLANG_WARN_BOOL_CONVERSION = YES;
				CLANG_WARN_CONSTANT_CONVERSION = YES;
				CLANG_WARN_DIRECT_OBJC_ISA_USAGE = YES_ERROR;
				CLANG_WARN_EMPTY_BODY = YES;
				CLANG_WARN_ENUM_CONVERSION = YES;
				CLANG_WARN_INT_CONVERSION = YES;
				CLANG_WARN_OBJC_ROOT_CLASS = YES_ERROR;
				CLANG_WARN_UNREACHABLE_CODE = YES;
				CLANG_WARN__DUPLICATE_METHOD_MATCH = YES;
				"CODE_SIGN_IDENTITY[sdk=iphoneos*]" = "iPhone Developer";
				COPY_PHASE_STRIP = NO;
				DEBUG_INFORMATION_FORMAT = "dwarf-with-dsym";
				ENABLE_NS_ASSERTIONS = NO;
				ENABLE_STRICT_OBJC_MSGSEND = YES;
				GCC_C_LANGUAGE_STANDARD = gnu99;
				GCC_NO_COMMON_BLOCKS = YES;
				GCC_WARN_64_TO_32_BIT_CONVERSION = YES;
				GCC_WARN_ABOUT_RETURN_TYPE = YES_ERROR;
				GCC_WARN_UNDECLARED_SELECTOR = YES;
				GCC_WARN_UNINITIALIZED_AUTOS = YES_AGGRESSIVE;
				GCC_WARN_UNUSED_FUNCTION = YES;
				GCC_WARN_UNUSED_VARIABLE = YES;
				IPHONEOS_DEPLOYMENT_TARGET = 9.3;
				MTL_ENABLE_DEBUG_INFO = NO;
				SDKROOT = iphoneos;
				TARGETED_DEVICE_FAMILY = "1,2";
				VALIDATE_PRODUCT = YES;
			};
			name = Release;
		};
		21DB49DC1AE913C900CC19DC /* Debug */ = {
			isa = XCBuildConfiguration;
			buildSettings = {
				ASSETCATALOG_COMPILER_APPICON_NAME = AppIcon;
				CODE_SIGN_IDENTITY = "iPhone Developer";
				INFOPLIST_FILE = PDFReader/Info.plist;
				LD_RUNPATH_SEARCH_PATHS = "$(inherited) @executable_path/Frameworks";
				PRODUCT_BUNDLE_IDENTIFIER = "AK.$(PRODUCT_NAME:rfc1034identifier)";
				PRODUCT_NAME = "$(TARGET_NAME)";
			};
			name = Debug;
		};
		21DB49DD1AE913C900CC19DC /* Release */ = {
			isa = XCBuildConfiguration;
			buildSettings = {
				ASSETCATALOG_COMPILER_APPICON_NAME = AppIcon;
				CODE_SIGN_IDENTITY = "iPhone Developer";
				INFOPLIST_FILE = PDFReader/Info.plist;
				LD_RUNPATH_SEARCH_PATHS = "$(inherited) @executable_path/Frameworks";
				PRODUCT_BUNDLE_IDENTIFIER = "AK.$(PRODUCT_NAME:rfc1034identifier)";
				PRODUCT_NAME = "$(TARGET_NAME)";
			};
			name = Release;
		};
/* End XCBuildConfiguration section */

/* Begin XCConfigurationList section */
		21DB49B71AE913C900CC19DC /* Build configuration list for PBXProject "PDFReader" */ = {
			isa = XCConfigurationList;
			buildConfigurations = (
				21DB49D91AE913C900CC19DC /* Debug */,
				21DB49DA1AE913C900CC19DC /* Release */,
			);
			defaultConfigurationIsVisible = 0;
			defaultConfigurationName = Release;
		};
		21DB49DB1AE913C900CC19DC /* Build configuration list for PBXNativeTarget "PDFReader" */ = {
			isa = XCConfigurationList;
			buildConfigurations = (
				21DB49DC1AE913C900CC19DC /* Debug */,
				21DB49DD1AE913C900CC19DC /* Release */,
			);
			defaultConfigurationIsVisible = 0;
			defaultConfigurationName = Release;
		};
/* End XCConfigurationList section */
	};
	rootObject = 21DB49B41AE913C900CC19DC /* Project object */;
}
